// !$*UTF8*$!
{
	archiveVersion = 1;
	classes = {
	};
	objectVersion = 50;
	objects = {

/* Begin PBXBuildFile section */
		BAE6BF79268DF5CC00C0FE20 /* AppDelegate.swift in Sources */ = {isa = PBXBuildFile; fileRef = BAE6BF78268DF5CC00C0FE20 /* AppDelegate.swift */; };
		BAE6BF7B268DF5CC00C0FE20 /* SceneDelegate.swift in Sources */ = {isa = PBXBuildFile; fileRef = BAE6BF7A268DF5CC00C0FE20 /* SceneDelegate.swift */; };
		BAE6BF7D268DF5CC00C0FE20 /* ViewController.swift in Sources */ = {isa = PBXBuildFile; fileRef = BAE6BF7C268DF5CC00C0FE20 /* ViewController.swift */; };
		BAE6BF80268DF5CC00C0FE20 /* Main.storyboard in Resources */ = {isa = PBXBuildFile; fileRef = BAE6BF7E268DF5CC00C0FE20 /* Main.storyboard */; };
		BAE6BF82268DF5CD00C0FE20 /* Assets.xcassets in Resources */ = {isa = PBXBuildFile; fileRef = BAE6BF81268DF5CD00C0FE20 /* Assets.xcassets */; };
		BAE6BF85268DF5CD00C0FE20 /* LaunchScreen.storyboard in Resources */ = {isa = PBXBuildFile; fileRef = BAE6BF83268DF5CD00C0FE20 /* LaunchScreen.storyboard */; };
		BAE6BF8D268DF5F500C0FE20 /* BoxView.swift in Sources */ = {isa = PBXBuildFile; fileRef = BAE6BF8C268DF5F500C0FE20 /* BoxView.swift */; };
/* End PBXBuildFile section */

/* Begin PBXFileReference section */
		BAE6BF75268DF5CC00C0FE20 /* DemoDelegados.app */ = {isa = PBXFileReference; explicitFileType = wrapper.application; includeInIndex = 0; path = DemoDelegados.app; sourceTree = BUILT_PRODUCTS_DIR; };
		BAE6BF78268DF5CC00C0FE20 /* AppDelegate.swift */ = {isa = PBXFileReference; lastKnownFileType = sourcecode.swift; path = AppDelegate.swift; sourceTree = "<group>"; };
		BAE6BF7A268DF5CC00C0FE20 /* SceneDelegate.swift */ = {isa = PBXFileReference; lastKnownFileType = sourcecode.swift; path = SceneDelegate.swift; sourceTree = "<group>"; };
		BAE6BF7C268DF5CC00C0FE20 /* ViewController.swift */ = {isa = PBXFileReference; lastKnownFileType = sourcecode.swift; path = ViewController.swift; sourceTree = "<group>"; };
		BAE6BF7F268DF5CC00C0FE20 /* Base */ = {isa = PBXFileReference; lastKnownFileType = file.storyboard; name = Base; path = Base.lproj/Main.storyboard; sourceTree = "<group>"; };
		BAE6BF81268DF5CD00C0FE20 /* Assets.xcassets */ = {isa = PBXFileReference; lastKnownFileType = folder.assetcatalog; path = Assets.xcassets; sourceTree = "<group>"; };
		BAE6BF84268DF5CD00C0FE20 /* Base */ = {isa = PBXFileReference; lastKnownFileType = file.storyboard; name = Base; path = Base.lproj/LaunchScreen.storyboard; sourceTree = "<group>"; };
		BAE6BF86268DF5CD00C0FE20 /* Info.plist */ = {isa = PBXFileReference; lastKnownFileType = text.plist.xml; path = Info.plist; sourceTree = "<group>"; };
		BAE6BF8C268DF5F500C0FE20 /* BoxView.swift */ = {isa = PBXFileReference; lastKnownFileType = sourcecode.swift; path = BoxView.swift; sourceTree = "<group>"; };
/* End PBXFileReference section */

/* Begin PBXFrameworksBuildPhase section */
		BAE6BF72268DF5CC00C0FE20 /* Frameworks */ = {
			isa = PBXFrameworksBuildPhase;
			buildActionMask = 2147483647;
			files = (
			);
			runOnlyForDeploymentPostprocessing = 0;
		};
/* End PBXFrameworksBuildPhase section */

/* Begin PBXGroup section */
		BAE6BF6C268DF5CC00C0FE20 = {
			isa = PBXGroup;
			children = (
				BAE6BF77268DF5CC00C0FE20 /* DemoDelegados */,
				BAE6BF76268DF5CC00C0FE20 /* Products */,
			);
			sourceTree = "<group>";
		};
		BAE6BF76268DF5CC00C0FE20 /* Products */ = {
			isa = PBXGroup;
			children = (
				BAE6BF75268DF5CC00C0FE20 /* DemoDelegados.app */,
			);
			name = Products;
			sourceTree = "<group>";
		};
		BAE6BF77268DF5CC00C0FE20 /* DemoDelegados */ = {
			isa = PBXGroup;
			children = (
				BAE6BF78268DF5CC00C0FE20 /* AppDelegate.swift */,
				BAE6BF7A268DF5CC00C0FE20 /* SceneDelegate.swift */,
				BAE6BF7C268DF5CC00C0FE20 /* ViewController.swift */,
				BAE6BF7E268DF5CC00C0FE20 /* Main.storyboard */,
				BAE6BF81268DF5CD00C0FE20 /* Assets.xcassets */,
				BAE6BF83268DF5CD00C0FE20 /* LaunchScreen.storyboard */,
				BAE6BF86268DF5CD00C0FE20 /* Info.plist */,
				BAE6BF8C268DF5F500C0FE20 /* BoxView.swift */,
			);
			path = DemoDelegados;
			sourceTree = "<group>";
		};
/* End PBXGroup section */

/* Begin PBXNativeTarget section */
		BAE6BF74268DF5CC00C0FE20 /* DemoDelegados */ = {
			isa = PBXNativeTarget;
			buildConfigurationList = BAE6BF89268DF5CD00C0FE20 /* Build configuration list for PBXNativeTarget "DemoDelegados" */;
			buildPhases = (
				BAE6BF71268DF5CC00C0FE20 /* Sources */,
				BAE6BF72268DF5CC00C0FE20 /* Frameworks */,
				BAE6BF73268DF5CC00C0FE20 /* Resources */,
			);
			buildRules = (
			);
			dependencies = (
			);
			name = DemoDelegados;
			productName = DemoDelegados;
			productReference = BAE6BF75268DF5CC00C0FE20 /* DemoDelegados.app */;
			productType = "com.apple.product-type.application";
		};
/* End PBXNativeTarget section */

/* Begin PBXProject section */
		BAE6BF6D268DF5CC00C0FE20 /* Project object */ = {
			isa = PBXProject;
			attributes = {
				LastSwiftUpdateCheck = 1250;
				LastUpgradeCheck = 1250;
				TargetAttributes = {
					BAE6BF74268DF5CC00C0FE20 = {
						CreatedOnToolsVersion = 12.5.1;
					};
				};
			};
			buildConfigurationList = BAE6BF70268DF5CC00C0FE20 /* Build configuration list for PBXProject "DemoDelegados" */;
			compatibilityVersion = "Xcode 9.3";
			developmentRegion = en;
			hasScannedForEncodings = 0;
			knownRegions = (
				en,
				Base,
			);
			mainGroup = BAE6BF6C268DF5CC00C0FE20;
			productRefGroup = BAE6BF76268DF5CC00C0FE20 /* Products */;
			projectDirPath = "";
			projectRoot = "";
			targets = (
				BAE6BF74268DF5CC00C0FE20 /* DemoDelegados */,
			);
		};
/* End PBXProject section */

/* Begin PBXResourcesBuildPhase section */
		BAE6BF73268DF5CC00C0FE20 /* Resources */ = {
			isa = PBXResourcesBuildPhase;
			buildActionMask = 2147483647;
			files = (
				BAE6BF85268DF5CD00C0FE20 /* LaunchScreen.storyboard in Resources */,
				BAE6BF82268DF5CD00C0FE20 /* Assets.xcassets in Resources */,
				BAE6BF80268DF5CC00C0FE20 /* Main.storyboard in Resources */,
			);
			runOnlyForDeploymentPostprocessing = 0;
		};
/* End PBXResourcesBuildPhase section */

/* Begin PBXSourcesBuildPhase section */
		BAE6BF71268DF5CC00C0FE20 /* Sources */ = {
			isa = PBXSourcesBuildPhase;
			buildActionMask = 2147483647;
			files = (
				BAE6BF8D268DF5F500C0FE20 /* BoxView.swift in Sources */,
				BAE6BF7D268DF5CC00C0FE20 /* ViewController.swift in Sources */,
				BAE6BF79268DF5CC00C0FE20 /* AppDelegate.swift in Sources */,
				BAE6BF7B268DF5CC00C0FE20 /* SceneDelegate.swift in Sources */,
			);
			runOnlyForDeploymentPostprocessing = 0;
		};
/* End PBXSourcesBuildPhase section */

/* Begin PBXVariantGroup section */
		BAE6BF7E268DF5CC00C0FE20 /* Main.storyboard */ = {
			isa = PBXVariantGroup;
			children = (
				BAE6BF7F268DF5CC00C0FE20 /* Base */,
			);
			name = Main.storyboard;
			sourceTree = "<group>";
		};
		BAE6BF83268DF5CD00C0FE20 /* LaunchScreen.storyboard */ = {
			isa = PBXVariantGroup;
			children = (
				BAE6BF84268DF5CD00C0FE20 /* Base */,
			);
			name = LaunchScreen.storyboard;
			sourceTree = "<group>";
		};
/* End PBXVariantGroup section */

/* Begin XCBuildConfiguration section */
		BAE6BF87268DF5CD00C0FE20 /* Debug */ = {
			isa = XCBuildConfiguration;
			buildSettings = {
				ALWAYS_SEARCH_USER_PATHS = NO;
				CLANG_ANALYZER_NONNULL = YES;
				CLANG_ANALYZER_NUMBER_OBJECT_CONVERSION = YES_AGGRESSIVE;
				CLANG_CXX_LANGUAGE_STANDARD = "gnu++14";
				CLANG_CXX_LIBRARY = "libc++";
				CLANG_ENABLE_MODULES = YES;
				CLANG_ENABLE_OBJC_ARC = YES;
				CLANG_ENABLE_OBJC_WEAK = YES;
				CLANG_WARN_BLOCK_CAPTURE_AUTORELEASING = YES;
				CLANG_WARN_BOOL_CONVERSION = YES;
				CLANG_WARN_COMMA = YES;
				CLANG_WARN_CONSTANT_CONVERSION = YES;
				CLANG_WARN_DEPRECATED_OBJC_IMPLEMENTATIONS = YES;
				CLANG_WARN_DIRECT_OBJC_ISA_USAGE = YES_ERROR;
				CLANG_WARN_DOCUMENTATION_COMMENTS = YES;
				CLANG_WARN_EMPTY_BODY = YES;
				CLANG_WARN_ENUM_CONVERSION = YES;
				CLANG_WARN_INFINITE_RECURSION = YES;
				CLANG_WARN_INT_CONVERSION = YES;
				CLANG_WARN_NON_LITERAL_NULL_CONVERSION = YES;
				CLANG_WARN_OBJC_IMPLICIT_RETAIN_SELF = YES;
				CLANG_WARN_OBJC_LITERAL_CONVERSION = YES;
				CLANG_WARN_OBJC_ROOT_CLASS = YES_ERROR;
				CLANG_WARN_QUOTED_INCLUDE_IN_FRAMEWORK_HEADER = YES;
				CLANG_WARN_RANGE_LOOP_ANALYSIS = YES;
				CLANG_WARN_STRICT_PROTOTYPES = YES;
				CLANG_WARN_SUSPICIOUS_MOVE = YES;
				CLANG_WARN_UNGUARDED_AVAILABILITY = YES_AGGRESSIVE;
				CLANG_WARN_UNREACHABLE_CODE = YES;
				CLANG_WARN__DUPLICATE_METHOD_MATCH = YES;
				COPY_PHASE_STRIP = NO;
				DEBUG_INFORMATION_FORMAT = dwarf;
				ENABLE_STRICT_OBJC_MSGSEND = YES;
				ENABLE_TESTABILITY = YES;
				GCC_C_LANGUAGE_STANDARD = gnu11;
				GCC_DYNAMIC_NO_PIC = NO;
				GCC_NO_COMMON_BLOCKS = YES;
				GCC_OPTIMIZATION_LEVEL = 0;
				GCC_PREPROCESSOR_DEFINITIONS = (
					"DEBUG=1",
					"$(inherited)",
				);
				GCC_WARN_64_TO_32_BIT_CONVERSION = YES;
				GCC_WARN_ABOUT_RETURN_TYPE = YES_ERROR;
				GCC_WARN_UNDECLARED_SELECTOR = YES;
				GCC_WARN_UNINITIALIZED_AUTOS = YES_AGGRESSIVE;
				GCC_WARN_UNUSED_FUNCTION = YES;
				GCC_WARN_UNUSED_VARIABLE = YES;
				IPHONEOS_DEPLOYMENT_TARGET = 14.5;
				MTL_ENABLE_DEBUG_INFO = INCLUDE_SOURCE;
				MTL_FAST_MATH = YES;
				ONLY_ACTIVE_ARCH = YES;
				SDKROOT = iphoneos;
				SWIFT_ACTIVE_COMPILATION_CONDITIONS = DEBUG;
				SWIFT_OPTIMIZATION_LEVEL = "-Onone";
			};
			name = Debug;
		};
		BAE6BF88268DF5CD00C0FE20 /* Release */ = {
			isa = XCBuildConfiguration;
			buildSettings = {
				ALWAYS_SEARCH_USER_PATHS = NO;
				CLANG_ANALYZER_NONNULL = YES;
				CLANG_ANALYZER_NUMBER_OBJECT_CONVERSION = YES_AGGRESSIVE;
				CLANG_CXX_LANGUAGE_STANDARD = "gnu++14";
				CLANG_CXX_LIBRARY = "libc++";
				CLANG_ENABLE_MODULES = YES;
				CLANG_ENABLE_OBJC_ARC = YES;
				CLANG_ENABLE_OBJC_WEAK = YES;
				CLANG_WARN_BLOCK_CAPTURE_AUTORELEASING = YES;
				CLANG_WARN_BOOL_CONVERSION = YES;
				CLANG_WARN_COMMA = YES;
				CLANG_WARN_CONSTANT_CONVERSION = YES;
				CLANG_WARN_DEPRECATED_OBJC_IMPLEMENTATIONS = YES;
				CLANG_WARN_DIRECT_OBJC_ISA_USAGE = YES_ERROR;
				CLANG_WARN_DOCUMENTATION_COMMENTS = YES;
				CLANG_WARN_EMPTY_BODY = YES;
				CLANG_WARN_ENUM_CONVERSION = YES;
				CLANG_WARN_INFINITE_RECURSION = YES;
				CLANG_WARN_INT_CONVERSION = YES;
				CLANG_WARN_NON_LITERAL_NULL_CONVERSION = YES;
				CLANG_WARN_OBJC_IMPLICIT_RETAIN_SELF = YES;
				CLANG_WARN_OBJC_LITERAL_CONVERSION = YES;
				CLANG_WARN_OBJC_ROOT_CLASS = YES_ERROR;
				CLANG_WARN_QUOTED_INCLUDE_IN_FRAMEWORK_HEADER = YES;
				CLANG_WARN_RANGE_LOOP_ANALYSIS = YES;
				CLANG_WARN_STRICT_PROTOTYPES = YES;
				CLANG_WARN_SUSPICIOUS_MOVE = YES;
				CLANG_WARN_UNGUARDED_AVAILABILITY = YES_AGGRESSIVE;
				CLANG_WARN_UNREACHABLE_CODE = YES;
				CLANG_WARN__DUPLICATE_METHOD_MATCH = YES;
				COPY_PHASE_STRIP = NO;
				DEBUG_INFORMATION_FORMAT = "dwarf-with-dsym";
				ENABLE_NS_ASSERTIONS = NO;
				ENABLE_STRICT_OBJC_MSGSEND = YES;
				GCC_C_LANGUAGE_STANDARD = gnu11;
				GCC_NO_COMMON_BLOCKS = YES;
				GCC_WARN_64_TO_32_BIT_CONVERSION = YES;
				GCC_WARN_ABOUT_RETURN_TYPE = YES_ERROR;
				GCC_WARN_UNDECLARED_SELECTOR = YES;
				GCC_WARN_UNINITIALIZED_AUTOS = YES_AGGRESSIVE;
				GCC_WARN_UNUSED_FUNCTION = YES;
				GCC_WARN_UNUSED_VARIABLE = YES;
				IPHONEOS_DEPLOYMENT_TARGET = 14.5;
				MTL_ENABLE_DEBUG_INFO = NO;
				MTL_FAST_MATH = YES;
				SDKROOT = iphoneos;
				SWIFT_COMPILATION_MODE = wholemodule;
				SWIFT_OPTIMIZATION_LEVEL = "-O";
				VALIDATE_PRODUCT = YES;
			};
			name = Release;
		};
		BAE6BF8A268DF5CD00C0FE20 /* Debug */ = {
			isa = XCBuildConfiguration;
			buildSettings = {
				ASSETCATALOG_COMPILER_APPICON_NAME = AppIcon;
				ASSETCATALOG_COMPILER_GLOBAL_ACCENT_COLOR_NAME = AccentColor;
				CODE_SIGN_STYLE = Automatic;
				INFOPLIST_FILE = DemoDelegados/Info.plist;
				LD_RUNPATH_SEARCH_PATHS = (
					"$(inherited)",
					"@executable_path/Frameworks",
				);
				PRODUCT_BUNDLE_IDENTIFIER = com.solera.DemoDelegados;
				PRODUCT_NAME = "$(TARGET_NAME)";
				SWIFT_VERSION = 5.0;
				TARGETED_DEVICE_FAMILY = "1,2";
			};
			name = Debug;
		};
		BAE6BF8B268DF5CD00C0FE20 /* Release */ = {
			isa = XCBuildConfiguration;
			buildSettings = {
				ASSETCATALOG_COMPILER_APPICON_NAME = AppIcon;
				ASSETCATALOG_COMPILER_GLOBAL_ACCENT_COLOR_NAME = AccentColor;
				CODE_SIGN_STYLE = Automatic;
				INFOPLIST_FILE = DemoDelegados/Info.plist;
				LD_RUNPATH_SEARCH_PATHS = (
					"$(inherited)",
					"@executable_path/Frameworks",
				);
				PRODUCT_BUNDLE_IDENTIFIER = com.solera.DemoDelegados;
				PRODUCT_NAME = "$(TARGET_NAME)";
				SWIFT_VERSION = 5.0;
				TARGETED_DEVICE_FAMILY = "1,2";
			};
			name = Release;
		};
/* End XCBuildConfiguration section */

/* Begin XCConfigurationList section */
		BAE6BF70268DF5CC00C0FE20 /* Build configuration list for PBXProject "DemoDelegados" */ = {
			isa = XCConfigurationList;
			buildConfigurations = (
				BAE6BF87268DF5CD00C0FE20 /* Debug */,
				BAE6BF88268DF5CD00C0FE20 /* Release */,
			);
			defaultConfigurationIsVisible = 0;
			defaultConfigurationName = Release;
		};
		BAE6BF89268DF5CD00C0FE20 /* Build configuration list for PBXNativeTarget "DemoDelegados" */ = {
			isa = XCConfigurationList;
			buildConfigurations = (
				BAE6BF8A268DF5CD00C0FE20 /* Debug */,
				BAE6BF8B268DF5CD00C0FE20 /* Release */,
			);
			defaultConfigurationIsVisible = 0;
			defaultConfigurationName = Release;
		};
/* End XCConfigurationList section */
	};
	rootObject = BAE6BF6D268DF5CC00C0FE20 /* Project object */;
}
