// !$*UTF8*$!
{
	archiveVersion = 1;
	classes = {
	};
	objectVersion = 50;
	objects = {

/* Begin PBXBuildFile section */
		FBAA1B852656933100FC3F27 /* AppDelegate.swift in Sources */ = {isa = PBXBuildFile; fileRef = FBAA1B842656933100FC3F27 /* AppDelegate.swift */; };
		FBAA1B872656933100FC3F27 /* SceneDelegate.swift in Sources */ = {isa = PBXBuildFile; fileRef = FBAA1B862656933100FC3F27 /* SceneDelegate.swift */; };
		FBAA1B892656933100FC3F27 /* ViewController.swift in Sources */ = {isa = PBXBuildFile; fileRef = FBAA1B882656933100FC3F27 /* ViewController.swift */; };
		FBAA1B8C2656933100FC3F27 /* Main.storyboard in Resources */ = {isa = PBXBuildFile; fileRef = FBAA1B8A2656933100FC3F27 /* Main.storyboard */; };
		FBAA1B8E2656933200FC3F27 /* Assets.xcassets in Resources */ = {isa = PBXBuildFile; fileRef = FBAA1B8D2656933200FC3F27 /* Assets.xcassets */; };
		FBAA1B912656933200FC3F27 /* LaunchScreen.storyboard in Resources */ = {isa = PBXBuildFile; fileRef = FBAA1B8F2656933200FC3F27 /* LaunchScreen.storyboard */; };
/* End PBXBuildFile section */

/* Begin PBXFileReference section */
		FBAA1B812656933100FC3F27 /* DemoScrollView.app */ = {isa = PBXFileReference; explicitFileType = wrapper.application; includeInIndex = 0; path = DemoScrollView.app; sourceTree = BUILT_PRODUCTS_DIR; };
		FBAA1B842656933100FC3F27 /* AppDelegate.swift */ = {isa = PBXFileReference; lastKnownFileType = sourcecode.swift; path = AppDelegate.swift; sourceTree = "<group>"; };
		FBAA1B862656933100FC3F27 /* SceneDelegate.swift */ = {isa = PBXFileReference; lastKnownFileType = sourcecode.swift; path = SceneDelegate.swift; sourceTree = "<group>"; };
		FBAA1B882656933100FC3F27 /* ViewController.swift */ = {isa = PBXFileReference; lastKnownFileType = sourcecode.swift; path = ViewController.swift; sourceTree = "<group>"; };
		FBAA1B8B2656933100FC3F27 /* Base */ = {isa = PBXFileReference; lastKnownFileType = file.storyboard; name = Base; path = Base.lproj/Main.storyboard; sourceTree = "<group>"; };
		FBAA1B8D2656933200FC3F27 /* Assets.xcassets */ = {isa = PBXFileReference; lastKnownFileType = folder.assetcatalog; path = Assets.xcassets; sourceTree = "<group>"; };
		FBAA1B902656933200FC3F27 /* Base */ = {isa = PBXFileReference; lastKnownFileType = file.storyboard; name = Base; path = Base.lproj/LaunchScreen.storyboard; sourceTree = "<group>"; };
		FBAA1B922656933200FC3F27 /* Info.plist */ = {isa = PBXFileReference; lastKnownFileType = text.plist.xml; path = Info.plist; sourceTree = "<group>"; };
/* End PBXFileReference section */

/* Begin PBXFrameworksBuildPhase section */
		FBAA1B7E2656933100FC3F27 /* Frameworks */ = {
			isa = PBXFrameworksBuildPhase;
			buildActionMask = 2147483647;
			files = (
			);
			runOnlyForDeploymentPostprocessing = 0;
		};
/* End PBXFrameworksBuildPhase section */

/* Begin PBXGroup section */
		FBAA1B782656933100FC3F27 = {
			isa = PBXGroup;
			children = (
				FBAA1B832656933100FC3F27 /* DemoScrollView */,
				FBAA1B822656933100FC3F27 /* Products */,
			);
			sourceTree = "<group>";
		};
		FBAA1B822656933100FC3F27 /* Products */ = {
			isa = PBXGroup;
			children = (
				FBAA1B812656933100FC3F27 /* DemoScrollView.app */,
			);
			name = Products;
			sourceTree = "<group>";
		};
		FBAA1B832656933100FC3F27 /* DemoScrollView */ = {
			isa = PBXGroup;
			children = (
				FBAA1B842656933100FC3F27 /* AppDelegate.swift */,
				FBAA1B862656933100FC3F27 /* SceneDelegate.swift */,
				FBAA1B882656933100FC3F27 /* ViewController.swift */,
				FBAA1B8A2656933100FC3F27 /* Main.storyboard */,
				FBAA1B8D2656933200FC3F27 /* Assets.xcassets */,
				FBAA1B8F2656933200FC3F27 /* LaunchScreen.storyboard */,
				FBAA1B922656933200FC3F27 /* Info.plist */,
			);
			path = DemoScrollView;
			sourceTree = "<group>";
		};
/* End PBXGroup section */

/* Begin PBXNativeTarget section */
		FBAA1B802656933100FC3F27 /* DemoScrollView */ = {
			isa = PBXNativeTarget;
			buildConfigurationList = FBAA1B952656933200FC3F27 /* Build configuration list for PBXNativeTarget "DemoScrollView" */;
			buildPhases = (
				FBAA1B7D2656933100FC3F27 /* Sources */,
				FBAA1B7E2656933100FC3F27 /* Frameworks */,
				FBAA1B7F2656933100FC3F27 /* Resources */,
			);
			buildRules = (
			);
			dependencies = (
			);
			name = DemoScrollView;
			productName = DemoScrollView;
			productReference = FBAA1B812656933100FC3F27 /* DemoScrollView.app */;
			productType = "com.apple.product-type.application";
		};
/* End PBXNativeTarget section */

/* Begin PBXProject section */
		FBAA1B792656933100FC3F27 /* Project object */ = {
			isa = PBXProject;
			attributes = {
				LastSwiftUpdateCheck = 1240;
				LastUpgradeCheck = 1240;
				TargetAttributes = {
					FBAA1B802656933100FC3F27 = {
						CreatedOnToolsVersion = 12.4;
					};
				};
			};
			buildConfigurationList = FBAA1B7C2656933100FC3F27 /* Build configuration list for PBXProject "DemoScrollView" */;
			compatibilityVersion = "Xcode 9.3";
			developmentRegion = en;
			hasScannedForEncodings = 0;
			knownRegions = (
				en,
				Base,
			);
			mainGroup = FBAA1B782656933100FC3F27;
			productRefGroup = FBAA1B822656933100FC3F27 /* Products */;
			projectDirPath = "";
			projectRoot = "";
			targets = (
				FBAA1B802656933100FC3F27 /* DemoScrollView */,
			);
		};
/* End PBXProject section */

/* Begin PBXResourcesBuildPhase section */
		FBAA1B7F2656933100FC3F27 /* Resources */ = {
			isa = PBXResourcesBuildPhase;
			buildActionMask = 2147483647;
			files = (
				FBAA1B912656933200FC3F27 /* LaunchScreen.storyboard in Resources */,
				FBAA1B8E2656933200FC3F27 /* Assets.xcassets in Resources */,
				FBAA1B8C2656933100FC3F27 /* Main.storyboard in Resources */,
			);
			runOnlyForDeploymentPostprocessing = 0;
		};
/* End PBXResourcesBuildPhase section */

/* Begin PBXSourcesBuildPhase section */
		FBAA1B7D2656933100FC3F27 /* Sources */ = {
			isa = PBXSourcesBuildPhase;
			buildActionMask = 2147483647;
			files = (
				FBAA1B892656933100FC3F27 /* ViewController.swift in Sources */,
				FBAA1B852656933100FC3F27 /* AppDelegate.swift in Sources */,
				FBAA1B872656933100FC3F27 /* SceneDelegate.swift in Sources */,
			);
			runOnlyForDeploymentPostprocessing = 0;
		};
/* End PBXSourcesBuildPhase section */

/* Begin PBXVariantGroup section */
		FBAA1B8A2656933100FC3F27 /* Main.storyboard */ = {
			isa = PBXVariantGroup;
			children = (
				FBAA1B8B2656933100FC3F27 /* Base */,
			);
			name = Main.storyboard;
			sourceTree = "<group>";
		};
		FBAA1B8F2656933200FC3F27 /* LaunchScreen.storyboard */ = {
			isa = PBXVariantGroup;
			children = (
				FBAA1B902656933200FC3F27 /* Base */,
			);
			name = LaunchScreen.storyboard;
			sourceTree = "<group>";
		};
/* End PBXVariantGroup section */

/* Begin XCBuildConfiguration section */
		FBAA1B932656933200FC3F27 /* Debug */ = {
			isa = XCBuildConfiguration;
			buildSettings = {
				ALWAYS_SEARCH_USER_PATHS = NO;
				CLANG_ANALYZER_NONNULL = YES;
				CLANG_ANALYZER_NUMBER_OBJECT_CONVERSION = YES_AGGRESSIVE;
				CLANG_CXX_LANGUAGE_STANDARD = "gnu++14";
				CLANG_CXX_LIBRARY = "libc++";
				CLANG_ENABLE_MODULES = YES;
				CLANG_ENABLE_OBJC_ARC = YES;
				CLANG_ENABLE_OBJC_WEAK = YES;
				CLANG_WARN_BLOCK_CAPTURE_AUTORELEASING = YES;
				CLANG_WARN_BOOL_CONVERSION = YES;
				CLANG_WARN_COMMA = YES;
				CLANG_WARN_CONSTANT_CONVERSION = YES;
				CLANG_WARN_DEPRECATED_OBJC_IMPLEMENTATIONS = YES;
				CLANG_WARN_DIRECT_OBJC_ISA_USAGE = YES_ERROR;
				CLANG_WARN_DOCUMENTATION_COMMENTS = YES;
				CLANG_WARN_EMPTY_BODY = YES;
				CLANG_WARN_ENUM_CONVERSION = YES;
				CLANG_WARN_INFINITE_RECURSION = YES;
				CLANG_WARN_INT_CONVERSION = YES;
				CLANG_WARN_NON_LITERAL_NULL_CONVERSION = YES;
				CLANG_WARN_OBJC_IMPLICIT_RETAIN_SELF = YES;
				CLANG_WARN_OBJC_LITERAL_CONVERSION = YES;
				CLANG_WARN_OBJC_ROOT_CLASS = YES_ERROR;
				CLANG_WARN_QUOTED_INCLUDE_IN_FRAMEWORK_HEADER = YES;
				CLANG_WARN_RANGE_LOOP_ANALYSIS = YES;
				CLANG_WARN_STRICT_PROTOTYPES = YES;
				CLANG_WARN_SUSPICIOUS_MOVE = YES;
				CLANG_WARN_UNGUARDED_AVAILABILITY = YES_AGGRESSIVE;
				CLANG_WARN_UNREACHABLE_CODE = YES;
				CLANG_WARN__DUPLICATE_METHOD_MATCH = YES;
				COPY_PHASE_STRIP = NO;
				DEBUG_INFORMATION_FORMAT = dwarf;
				ENABLE_STRICT_OBJC_MSGSEND = YES;
				ENABLE_TESTABILITY = YES;
				GCC_C_LANGUAGE_STANDARD = gnu11;
				GCC_DYNAMIC_NO_PIC = NO;
				GCC_NO_COMMON_BLOCKS = YES;
				GCC_OPTIMIZATION_LEVEL = 0;
				GCC_PREPROCESSOR_DEFINITIONS = (
					"DEBUG=1",
					"$(inherited)",
				);
				GCC_WARN_64_TO_32_BIT_CONVERSION = YES;
				GCC_WARN_ABOUT_RETURN_TYPE = YES_ERROR;
				GCC_WARN_UNDECLARED_SELECTOR = YES;
				GCC_WARN_UNINITIALIZED_AUTOS = YES_AGGRESSIVE;
				GCC_WARN_UNUSED_FUNCTION = YES;
				GCC_WARN_UNUSED_VARIABLE = YES;
				IPHONEOS_DEPLOYMENT_TARGET = 14.4;
				MTL_ENABLE_DEBUG_INFO = INCLUDE_SOURCE;
				MTL_FAST_MATH = YES;
				ONLY_ACTIVE_ARCH = YES;
				SDKROOT = iphoneos;
				SWIFT_ACTIVE_COMPILATION_CONDITIONS = DEBUG;
				SWIFT_OPTIMIZATION_LEVEL = "-Onone";
			};
			name = Debug;
		};
		FBAA1B942656933200FC3F27 /* Release */ = {
			isa = XCBuildConfiguration;
			buildSettings = {
				ALWAYS_SEARCH_USER_PATHS = NO;
				CLANG_ANALYZER_NONNULL = YES;
				CLANG_ANALYZER_NUMBER_OBJECT_CONVERSION = YES_AGGRESSIVE;
				CLANG_CXX_LANGUAGE_STANDARD = "gnu++14";
				CLANG_CXX_LIBRARY = "libc++";
				CLANG_ENABLE_MODULES = YES;
				CLANG_ENABLE_OBJC_ARC = YES;
				CLANG_ENABLE_OBJC_WEAK = YES;
				CLANG_WARN_BLOCK_CAPTURE_AUTORELEASING = YES;
				CLANG_WARN_BOOL_CONVERSION = YES;
				CLANG_WARN_COMMA = YES;
				CLANG_WARN_CONSTANT_CONVERSION = YES;
				CLANG_WARN_DEPRECATED_OBJC_IMPLEMENTATIONS = YES;
				CLANG_WARN_DIRECT_OBJC_ISA_USAGE = YES_ERROR;
				CLANG_WARN_DOCUMENTATION_COMMENTS = YES;
				CLANG_WARN_EMPTY_BODY = YES;
				CLANG_WARN_ENUM_CONVERSION = YES;
				CLANG_WARN_INFINITE_RECURSION = YES;
				CLANG_WARN_INT_CONVERSION = YES;
				CLANG_WARN_NON_LITERAL_NULL_CONVERSION = YES;
				CLANG_WARN_OBJC_IMPLICIT_RETAIN_SELF = YES;
				CLANG_WARN_OBJC_LITERAL_CONVERSION = YES;
				CLANG_WARN_OBJC_ROOT_CLASS = YES_ERROR;
				CLANG_WARN_QUOTED_INCLUDE_IN_FRAMEWORK_HEADER = YES;
				CLANG_WARN_RANGE_LOOP_ANALYSIS = YES;
				CLANG_WARN_STRICT_PROTOTYPES = YES;
				CLANG_WARN_SUSPICIOUS_MOVE = YES;
				CLANG_WARN_UNGUARDED_AVAILABILITY = YES_AGGRESSIVE;
				CLANG_WARN_UNREACHABLE_CODE = YES;
				CLANG_WARN__DUPLICATE_METHOD_MATCH = YES;
				COPY_PHASE_STRIP = NO;
				DEBUG_INFORMATION_FORMAT = "dwarf-with-dsym";
				ENABLE_NS_ASSERTIONS = NO;
				ENABLE_STRICT_OBJC_MSGSEND = YES;
				GCC_C_LANGUAGE_STANDARD = gnu11;
				GCC_NO_COMMON_BLOCKS = YES;
				GCC_WARN_64_TO_32_BIT_CONVERSION = YES;
				GCC_WARN_ABOUT_RETURN_TYPE = YES_ERROR;
				GCC_WARN_UNDECLARED_SELECTOR = YES;
				GCC_WARN_UNINITIALIZED_AUTOS = YES_AGGRESSIVE;
				GCC_WARN_UNUSED_FUNCTION = YES;
				GCC_WARN_UNUSED_VARIABLE = YES;
				IPHONEOS_DEPLOYMENT_TARGET = 14.4;
				MTL_ENABLE_DEBUG_INFO = NO;
				MTL_FAST_MATH = YES;
				SDKROOT = iphoneos;
				SWIFT_COMPILATION_MODE = wholemodule;
				SWIFT_OPTIMIZATION_LEVEL = "-O";
				VALIDATE_PRODUCT = YES;
			};
			name = Release;
		};
		FBAA1B962656933200FC3F27 /* Debug */ = {
			isa = XCBuildConfiguration;
			buildSettings = {
				ASSETCATALOG_COMPILER_APPICON_NAME = AppIcon;
				ASSETCATALOG_COMPILER_GLOBAL_ACCENT_COLOR_NAME = AccentColor;
				CODE_SIGN_STYLE = Automatic;
				INFOPLIST_FILE = DemoScrollView/Info.plist;
				LD_RUNPATH_SEARCH_PATHS = (
					"$(inherited)",
					"@executable_path/Frameworks",
				);
				PRODUCT_BUNDLE_IDENTIFIER = com.solera.DemoScrollView;
				PRODUCT_NAME = "$(TARGET_NAME)";
				SWIFT_VERSION = 5.0;
				TARGETED_DEVICE_FAMILY = "1,2";
			};
			name = Debug;
		};
		FBAA1B972656933200FC3F27 /* Release */ = {
			isa = XCBuildConfiguration;
			buildSettings = {
				ASSETCATALOG_COMPILER_APPICON_NAME = AppIcon;
				ASSETCATALOG_COMPILER_GLOBAL_ACCENT_COLOR_NAME = AccentColor;
				CODE_SIGN_STYLE = Automatic;
				INFOPLIST_FILE = DemoScrollView/Info.plist;
				LD_RUNPATH_SEARCH_PATHS = (
					"$(inherited)",
					"@executable_path/Frameworks",
				);
				PRODUCT_BUNDLE_IDENTIFIER = com.solera.DemoScrollView;
				PRODUCT_NAME = "$(TARGET_NAME)";
				SWIFT_VERSION = 5.0;
				TARGETED_DEVICE_FAMILY = "1,2";
			};
			name = Release;
		};
/* End XCBuildConfiguration section */

/* Begin XCConfigurationList section */
		FBAA1B7C2656933100FC3F27 /* Build configuration list for PBXProject "DemoScrollView" */ = {
			isa = XCConfigurationList;
			buildConfigurations = (
				FBAA1B932656933200FC3F27 /* Debug */,
				FBAA1B942656933200FC3F27 /* Release */,
			);
			defaultConfigurationIsVisible = 0;
			defaultConfigurationName = Release;
		};
		FBAA1B952656933200FC3F27 /* Build configuration list for PBXNativeTarget "DemoScrollView" */ = {
			isa = XCConfigurationList;
			buildConfigurations = (
				FBAA1B962656933200FC3F27 /* Debug */,
				FBAA1B972656933200FC3F27 /* Release */,
			);
			defaultConfigurationIsVisible = 0;
			defaultConfigurationName = Release;
		};
/* End XCConfigurationList section */
	};
	rootObject = FBAA1B792656933100FC3F27 /* Project object */;
}
