// !$*UTF8*$!
{
	archiveVersion = 1;
	classes = {
	};
	objectVersion = 50;
	objects = {

/* Begin PBXBuildFile section */
		FBCC2CFB2656A40D003EEB83 /* AppDelegate.swift in Sources */ = {isa = PBXBuildFile; fileRef = FBCC2CFA2656A40D003EEB83 /* AppDelegate.swift */; };
		FBCC2CFD2656A40D003EEB83 /* SceneDelegate.swift in Sources */ = {isa = PBXBuildFile; fileRef = FBCC2CFC2656A40D003EEB83 /* SceneDelegate.swift */; };
		FBCC2CFF2656A40D003EEB83 /* ViewController.swift in Sources */ = {isa = PBXBuildFile; fileRef = FBCC2CFE2656A40D003EEB83 /* ViewController.swift */; };
		FBCC2D022656A40D003EEB83 /* Main.storyboard in Resources */ = {isa = PBXBuildFile; fileRef = FBCC2D002656A40D003EEB83 /* Main.storyboard */; };
		FBCC2D042656A40E003EEB83 /* Assets.xcassets in Resources */ = {isa = PBXBuildFile; fileRef = FBCC2D032656A40E003EEB83 /* Assets.xcassets */; };
		FBCC2D072656A40E003EEB83 /* LaunchScreen.storyboard in Resources */ = {isa = PBXBuildFile; fileRef = FBCC2D052656A40E003EEB83 /* LaunchScreen.storyboard */; };
		FBCC2D102656A44F003EEB83 /* MyCustomButton.swift in Sources */ = {isa = PBXBuildFile; fileRef = FBCC2D0F2656A44F003EEB83 /* MyCustomButton.swift */; };
/* End PBXBuildFile section */

/* Begin PBXFileReference section */
		FBCC2CF72656A40D003EEB83 /* DemoComponentes.app */ = {isa = PBXFileReference; explicitFileType = wrapper.application; includeInIndex = 0; path = DemoComponentes.app; sourceTree = BUILT_PRODUCTS_DIR; };
		FBCC2CFA2656A40D003EEB83 /* AppDelegate.swift */ = {isa = PBXFileReference; lastKnownFileType = sourcecode.swift; path = AppDelegate.swift; sourceTree = "<group>"; };
		FBCC2CFC2656A40D003EEB83 /* SceneDelegate.swift */ = {isa = PBXFileReference; lastKnownFileType = sourcecode.swift; path = SceneDelegate.swift; sourceTree = "<group>"; };
		FBCC2CFE2656A40D003EEB83 /* ViewController.swift */ = {isa = PBXFileReference; lastKnownFileType = sourcecode.swift; path = ViewController.swift; sourceTree = "<group>"; };
		FBCC2D012656A40D003EEB83 /* Base */ = {isa = PBXFileReference; lastKnownFileType = file.storyboard; name = Base; path = Base.lproj/Main.storyboard; sourceTree = "<group>"; };
		FBCC2D032656A40E003EEB83 /* Assets.xcassets */ = {isa = PBXFileReference; lastKnownFileType = folder.assetcatalog; path = Assets.xcassets; sourceTree = "<group>"; };
		FBCC2D062656A40E003EEB83 /* Base */ = {isa = PBXFileReference; lastKnownFileType = file.storyboard; name = Base; path = Base.lproj/LaunchScreen.storyboard; sourceTree = "<group>"; };
		FBCC2D082656A40E003EEB83 /* Info.plist */ = {isa = PBXFileReference; lastKnownFileType = text.plist.xml; path = Info.plist; sourceTree = "<group>"; };
		FBCC2D0F2656A44F003EEB83 /* MyCustomButton.swift */ = {isa = PBXFileReference; lastKnownFileType = sourcecode.swift; path = MyCustomButton.swift; sourceTree = "<group>"; };
/* End PBXFileReference section */

/* Begin PBXFrameworksBuildPhase section */
		FBCC2CF42656A40D003EEB83 /* Frameworks */ = {
			isa = PBXFrameworksBuildPhase;
			buildActionMask = 2147483647;
			files = (
			);
			runOnlyForDeploymentPostprocessing = 0;
		};
/* End PBXFrameworksBuildPhase section */

/* Begin PBXGroup section */
		FBCC2CEE2656A40D003EEB83 = {
			isa = PBXGroup;
			children = (
				FBCC2CF92656A40D003EEB83 /* DemoComponentes */,
				FBCC2CF82656A40D003EEB83 /* Products */,
			);
			sourceTree = "<group>";
		};
		FBCC2CF82656A40D003EEB83 /* Products */ = {
			isa = PBXGroup;
			children = (
				FBCC2CF72656A40D003EEB83 /* DemoComponentes.app */,
			);
			name = Products;
			sourceTree = "<group>";
		};
		FBCC2CF92656A40D003EEB83 /* DemoComponentes */ = {
			isa = PBXGroup;
			children = (
				FBCC2CFA2656A40D003EEB83 /* AppDelegate.swift */,
				FBCC2CFC2656A40D003EEB83 /* SceneDelegate.swift */,
				FBCC2CFE2656A40D003EEB83 /* ViewController.swift */,
				FBCC2D002656A40D003EEB83 /* Main.storyboard */,
				FBCC2D032656A40E003EEB83 /* Assets.xcassets */,
				FBCC2D052656A40E003EEB83 /* LaunchScreen.storyboard */,
				FBCC2D082656A40E003EEB83 /* Info.plist */,
				FBCC2D0F2656A44F003EEB83 /* MyCustomButton.swift */,
			);
			path = DemoComponentes;
			sourceTree = "<group>";
		};
/* End PBXGroup section */

/* Begin PBXNativeTarget section */
		FBCC2CF62656A40D003EEB83 /* DemoComponentes */ = {
			isa = PBXNativeTarget;
			buildConfigurationList = FBCC2D0B2656A40E003EEB83 /* Build configuration list for PBXNativeTarget "DemoComponentes" */;
			buildPhases = (
				FBCC2CF32656A40D003EEB83 /* Sources */,
				FBCC2CF42656A40D003EEB83 /* Frameworks */,
				FBCC2CF52656A40D003EEB83 /* Resources */,
			);
			buildRules = (
			);
			dependencies = (
			);
			name = DemoComponentes;
			productName = DemoComponentes;
			productReference = FBCC2CF72656A40D003EEB83 /* DemoComponentes.app */;
			productType = "com.apple.product-type.application";
		};
/* End PBXNativeTarget section */

/* Begin PBXProject section */
		FBCC2CEF2656A40D003EEB83 /* Project object */ = {
			isa = PBXProject;
			attributes = {
				LastSwiftUpdateCheck = 1240;
				LastUpgradeCheck = 1240;
				TargetAttributes = {
					FBCC2CF62656A40D003EEB83 = {
						CreatedOnToolsVersion = 12.4;
					};
				};
			};
			buildConfigurationList = FBCC2CF22656A40D003EEB83 /* Build configuration list for PBXProject "DemoComponentes" */;
			compatibilityVersion = "Xcode 9.3";
			developmentRegion = en;
			hasScannedForEncodings = 0;
			knownRegions = (
				en,
				Base,
			);
			mainGroup = FBCC2CEE2656A40D003EEB83;
			productRefGroup = FBCC2CF82656A40D003EEB83 /* Products */;
			projectDirPath = "";
			projectRoot = "";
			targets = (
				FBCC2CF62656A40D003EEB83 /* DemoComponentes */,
			);
		};
/* End PBXProject section */

/* Begin PBXResourcesBuildPhase section */
		FBCC2CF52656A40D003EEB83 /* Resources */ = {
			isa = PBXResourcesBuildPhase;
			buildActionMask = 2147483647;
			files = (
				FBCC2D072656A40E003EEB83 /* LaunchScreen.storyboard in Resources */,
				FBCC2D042656A40E003EEB83 /* Assets.xcassets in Resources */,
				FBCC2D022656A40D003EEB83 /* Main.storyboard in Resources */,
			);
			runOnlyForDeploymentPostprocessing = 0;
		};
/* End PBXResourcesBuildPhase section */

/* Begin PBXSourcesBuildPhase section */
		FBCC2CF32656A40D003EEB83 /* Sources */ = {
			isa = PBXSourcesBuildPhase;
			buildActionMask = 2147483647;
			files = (
				FBCC2D102656A44F003EEB83 /* MyCustomButton.swift in Sources */,
				FBCC2CFF2656A40D003EEB83 /* ViewController.swift in Sources */,
				FBCC2CFB2656A40D003EEB83 /* AppDelegate.swift in Sources */,
				FBCC2CFD2656A40D003EEB83 /* SceneDelegate.swift in Sources */,
			);
			runOnlyForDeploymentPostprocessing = 0;
		};
/* End PBXSourcesBuildPhase section */

/* Begin PBXVariantGroup section */
		FBCC2D002656A40D003EEB83 /* Main.storyboard */ = {
			isa = PBXVariantGroup;
			children = (
				FBCC2D012656A40D003EEB83 /* Base */,
			);
			name = Main.storyboard;
			sourceTree = "<group>";
		};
		FBCC2D052656A40E003EEB83 /* LaunchScreen.storyboard */ = {
			isa = PBXVariantGroup;
			children = (
				FBCC2D062656A40E003EEB83 /* Base */,
			);
			name = LaunchScreen.storyboard;
			sourceTree = "<group>";
		};
/* End PBXVariantGroup section */

/* Begin XCBuildConfiguration section */
		FBCC2D092656A40E003EEB83 /* Debug */ = {
			isa = XCBuildConfiguration;
			buildSettings = {
				ALWAYS_SEARCH_USER_PATHS = NO;
				CLANG_ANALYZER_NONNULL = YES;
				CLANG_ANALYZER_NUMBER_OBJECT_CONVERSION = YES_AGGRESSIVE;
				CLANG_CXX_LANGUAGE_STANDARD = "gnu++14";
				CLANG_CXX_LIBRARY = "libc++";
				CLANG_ENABLE_MODULES = YES;
				CLANG_ENABLE_OBJC_ARC = YES;
				CLANG_ENABLE_OBJC_WEAK = YES;
				CLANG_WARN_BLOCK_CAPTURE_AUTORELEASING = YES;
				CLANG_WARN_BOOL_CONVERSION = YES;
				CLANG_WARN_COMMA = YES;
				CLANG_WARN_CONSTANT_CONVERSION = YES;
				CLANG_WARN_DEPRECATED_OBJC_IMPLEMENTATIONS = YES;
				CLANG_WARN_DIRECT_OBJC_ISA_USAGE = YES_ERROR;
				CLANG_WARN_DOCUMENTATION_COMMENTS = YES;
				CLANG_WARN_EMPTY_BODY = YES;
				CLANG_WARN_ENUM_CONVERSION = YES;
				CLANG_WARN_INFINITE_RECURSION = YES;
				CLANG_WARN_INT_CONVERSION = YES;
				CLANG_WARN_NON_LITERAL_NULL_CONVERSION = YES;
				CLANG_WARN_OBJC_IMPLICIT_RETAIN_SELF = YES;
				CLANG_WARN_OBJC_LITERAL_CONVERSION = YES;
				CLANG_WARN_OBJC_ROOT_CLASS = YES_ERROR;
				CLANG_WARN_QUOTED_INCLUDE_IN_FRAMEWORK_HEADER = YES;
				CLANG_WARN_RANGE_LOOP_ANALYSIS = YES;
				CLANG_WARN_STRICT_PROTOTYPES = YES;
				CLANG_WARN_SUSPICIOUS_MOVE = YES;
				CLANG_WARN_UNGUARDED_AVAILABILITY = YES_AGGRESSIVE;
				CLANG_WARN_UNREACHABLE_CODE = YES;
				CLANG_WARN__DUPLICATE_METHOD_MATCH = YES;
				COPY_PHASE_STRIP = NO;
				DEBUG_INFORMATION_FORMAT = dwarf;
				ENABLE_STRICT_OBJC_MSGSEND = YES;
				ENABLE_TESTABILITY = YES;
				GCC_C_LANGUAGE_STANDARD = gnu11;
				GCC_DYNAMIC_NO_PIC = NO;
				GCC_NO_COMMON_BLOCKS = YES;
				GCC_OPTIMIZATION_LEVEL = 0;
				GCC_PREPROCESSOR_DEFINITIONS = (
					"DEBUG=1",
					"$(inherited)",
				);
				GCC_WARN_64_TO_32_BIT_CONVERSION = YES;
				GCC_WARN_ABOUT_RETURN_TYPE = YES_ERROR;
				GCC_WARN_UNDECLARED_SELECTOR = YES;
				GCC_WARN_UNINITIALIZED_AUTOS = YES_AGGRESSIVE;
				GCC_WARN_UNUSED_FUNCTION = YES;
				GCC_WARN_UNUSED_VARIABLE = YES;
				IPHONEOS_DEPLOYMENT_TARGET = 14.4;
				MTL_ENABLE_DEBUG_INFO = INCLUDE_SOURCE;
				MTL_FAST_MATH = YES;
				ONLY_ACTIVE_ARCH = YES;
				SDKROOT = iphoneos;
				SWIFT_ACTIVE_COMPILATION_CONDITIONS = DEBUG;
				SWIFT_OPTIMIZATION_LEVEL = "-Onone";
			};
			name = Debug;
		};
		FBCC2D0A2656A40E003EEB83 /* Release */ = {
			isa = XCBuildConfiguration;
			buildSettings = {
				ALWAYS_SEARCH_USER_PATHS = NO;
				CLANG_ANALYZER_NONNULL = YES;
				CLANG_ANALYZER_NUMBER_OBJECT_CONVERSION = YES_AGGRESSIVE;
				CLANG_CXX_LANGUAGE_STANDARD = "gnu++14";
				CLANG_CXX_LIBRARY = "libc++";
				CLANG_ENABLE_MODULES = YES;
				CLANG_ENABLE_OBJC_ARC = YES;
				CLANG_ENABLE_OBJC_WEAK = YES;
				CLANG_WARN_BLOCK_CAPTURE_AUTORELEASING = YES;
				CLANG_WARN_BOOL_CONVERSION = YES;
				CLANG_WARN_COMMA = YES;
				CLANG_WARN_CONSTANT_CONVERSION = YES;
				CLANG_WARN_DEPRECATED_OBJC_IMPLEMENTATIONS = YES;
				CLANG_WARN_DIRECT_OBJC_ISA_USAGE = YES_ERROR;
				CLANG_WARN_DOCUMENTATION_COMMENTS = YES;
				CLANG_WARN_EMPTY_BODY = YES;
				CLANG_WARN_ENUM_CONVERSION = YES;
				CLANG_WARN_INFINITE_RECURSION = YES;
				CLANG_WARN_INT_CONVERSION = YES;
				CLANG_WARN_NON_LITERAL_NULL_CONVERSION = YES;
				CLANG_WARN_OBJC_IMPLICIT_RETAIN_SELF = YES;
				CLANG_WARN_OBJC_LITERAL_CONVERSION = YES;
				CLANG_WARN_OBJC_ROOT_CLASS = YES_ERROR;
				CLANG_WARN_QUOTED_INCLUDE_IN_FRAMEWORK_HEADER = YES;
				CLANG_WARN_RANGE_LOOP_ANALYSIS = YES;
				CLANG_WARN_STRICT_PROTOTYPES = YES;
				CLANG_WARN_SUSPICIOUS_MOVE = YES;
				CLANG_WARN_UNGUARDED_AVAILABILITY = YES_AGGRESSIVE;
				CLANG_WARN_UNREACHABLE_CODE = YES;
				CLANG_WARN__DUPLICATE_METHOD_MATCH = YES;
				COPY_PHASE_STRIP = NO;
				DEBUG_INFORMATION_FORMAT = "dwarf-with-dsym";
				ENABLE_NS_ASSERTIONS = NO;
				ENABLE_STRICT_OBJC_MSGSEND = YES;
				GCC_C_LANGUAGE_STANDARD = gnu11;
				GCC_NO_COMMON_BLOCKS = YES;
				GCC_WARN_64_TO_32_BIT_CONVERSION = YES;
				GCC_WARN_ABOUT_RETURN_TYPE = YES_ERROR;
				GCC_WARN_UNDECLARED_SELECTOR = YES;
				GCC_WARN_UNINITIALIZED_AUTOS = YES_AGGRESSIVE;
				GCC_WARN_UNUSED_FUNCTION = YES;
				GCC_WARN_UNUSED_VARIABLE = YES;
				IPHONEOS_DEPLOYMENT_TARGET = 14.4;
				MTL_ENABLE_DEBUG_INFO = NO;
				MTL_FAST_MATH = YES;
				SDKROOT = iphoneos;
				SWIFT_COMPILATION_MODE = wholemodule;
				SWIFT_OPTIMIZATION_LEVEL = "-O";
				VALIDATE_PRODUCT = YES;
			};
			name = Release;
		};
		FBCC2D0C2656A40E003EEB83 /* Debug */ = {
			isa = XCBuildConfiguration;
			buildSettings = {
				ASSETCATALOG_COMPILER_APPICON_NAME = AppIcon;
				ASSETCATALOG_COMPILER_GLOBAL_ACCENT_COLOR_NAME = AccentColor;
				CODE_SIGN_STYLE = Automatic;
				INFOPLIST_FILE = DemoComponentes/Info.plist;
				LD_RUNPATH_SEARCH_PATHS = (
					"$(inherited)",
					"@executable_path/Frameworks",
				);
				PRODUCT_BUNDLE_IDENTIFIER = com.solera.DemoComponentes;
				PRODUCT_NAME = "$(TARGET_NAME)";
				SWIFT_VERSION = 5.0;
				TARGETED_DEVICE_FAMILY = "1,2";
			};
			name = Debug;
		};
		FBCC2D0D2656A40E003EEB83 /* Release */ = {
			isa = XCBuildConfiguration;
			buildSettings = {
				ASSETCATALOG_COMPILER_APPICON_NAME = AppIcon;
				ASSETCATALOG_COMPILER_GLOBAL_ACCENT_COLOR_NAME = AccentColor;
				CODE_SIGN_STYLE = Automatic;
				INFOPLIST_FILE = DemoComponentes/Info.plist;
				LD_RUNPATH_SEARCH_PATHS = (
					"$(inherited)",
					"@executable_path/Frameworks",
				);
				PRODUCT_BUNDLE_IDENTIFIER = com.solera.DemoComponentes;
				PRODUCT_NAME = "$(TARGET_NAME)";
				SWIFT_VERSION = 5.0;
				TARGETED_DEVICE_FAMILY = "1,2";
			};
			name = Release;
		};
/* End XCBuildConfiguration section */

/* Begin XCConfigurationList section */
		FBCC2CF22656A40D003EEB83 /* Build configuration list for PBXProject "DemoComponentes" */ = {
			isa = XCConfigurationList;
			buildConfigurations = (
				FBCC2D092656A40E003EEB83 /* Debug */,
				FBCC2D0A2656A40E003EEB83 /* Release */,
			);
			defaultConfigurationIsVisible = 0;
			defaultConfigurationName = Release;
		};
		FBCC2D0B2656A40E003EEB83 /* Build configuration list for PBXNativeTarget "DemoComponentes" */ = {
			isa = XCConfigurationList;
			buildConfigurations = (
				FBCC2D0C2656A40E003EEB83 /* Debug */,
				FBCC2D0D2656A40E003EEB83 /* Release */,
			);
			defaultConfigurationIsVisible = 0;
			defaultConfigurationName = Release;
		};
/* End XCConfigurationList section */
	};
	rootObject = FBCC2CEF2656A40D003EEB83 /* Project object */;
}
